
Microsoft Visual Studio Solution File, Format Version 12.00
# Visual Studio Version 17
VisualStudioVersion = 17.9.34622.214
MinimumVisualStudioVersion = 10.0.40219.1
Project("{9A19103F-16F7-4668-BE54-9A1E7A4F7556}") = "TechChallengeAuthLambda", "TechChallengeAuthLambda/TechChallengeAuthLambda.csproj", "{6B7E51AF-6248-41D6-BA39-16E7B6FDFA62}"
EndProject
Global
	GlobalSection(SolutionConfigurationPlatforms) = preSolution
		Debug|Any CPU = Debug|Any CPU
		Release|Any CPU = Release|Any CPU
	EndGlobalSection
	GlobalSection(ProjectConfigurationPlatforms) = postSolution
		{6B7E51AF-6248-41D6-BA39-16E7B6FDFA62}.Debug|Any CPU.ActiveCfg = Debug|Any CPU
		{6B7E51AF-6248-41D6-BA39-16E7B6FDFA62}.Debug|Any CPU.Build.0 = Debug|Any CPU
		{6B7E51AF-6248-41D6-BA39-16E7B6FDFA62}.Release|Any CPU.ActiveCfg = Release|Any CPU
		{6B7E51AF-6248-41D6-BA39-16E7B6FDFA62}.Release|Any CPU.Build.0 = Release|Any CPU
	EndGlobalSection
	GlobalSection(SolutionProperties) = preSolution
		HideSolutionNode = FALSE
	EndGlobalSection
	GlobalSection(ExtensibilityGlobals) = postSolution
		SolutionGuid = {9F32B672-2EFB-4E22-A0F2-F0D0F09167BF}
	EndGlobalSection
EndGlobal
